
Microsoft Visual Studio Solution File, Format Version 12.00
Project("{FAE04EC0-301F-11D3-BF4B-00C04F79EFBC}") = "lognet", "lognet\lognet.csproj", "{2E870A0E-26DD-4688-ACA0-87BA1EE601CD}"
EndProject
Project("{FAE04EC0-301F-11D3-BF4B-00C04F79EFBC}") = "TestLognet", "TestLognet\TestLognet.csproj", "{66AA1A45-1866-499B-B676-F6B7072EAD60}"
EndProject
Global
	GlobalSection(SolutionConfigurationPlatforms) = preSolution
		Debug|Any CPU = Debug|Any CPU
		Release|Any CPU = Release|Any CPU
	EndGlobalSection
	GlobalSection(ProjectConfigurationPlatforms) = postSolution
		{2E870A0E-26DD-4688-ACA0-87BA1EE601CD}.Debug|Any CPU.ActiveCfg = Debug|Any CPU
		{2E870A0E-26DD-4688-ACA0-87BA1EE601CD}.Debug|Any CPU.Build.0 = Debug|Any CPU
		{2E870A0E-26DD-4688-ACA0-87BA1EE601CD}.Release|Any CPU.ActiveCfg = Release|Any CPU
		{2E870A0E-26DD-4688-ACA0-87BA1EE601CD}.Release|Any CPU.Build.0 = Release|Any CPU
		{66AA1A45-1866-499B-B676-F6B7072EAD60}.Debug|Any CPU.ActiveCfg = Debug|Any CPU
		{66AA1A45-1866-499B-B676-F6B7072EAD60}.Debug|Any CPU.Build.0 = Debug|Any CPU
		{66AA1A45-1866-499B-B676-F6B7072EAD60}.Release|Any CPU.ActiveCfg = Release|Any CPU
		{66AA1A45-1866-499B-B676-F6B7072EAD60}.Release|Any CPU.Build.0 = Release|Any CPU
	EndGlobalSection
EndGlobal
